
Microsoft Visual Studio Solution File, Format Version 12.00
# Visual Studio Version 17
VisualStudioVersion = 17.0.31903.59
MinimumVisualStudioVersion = 10.0.40219.1
Project("{2150E333-8FDC-42A3-9474-1A3956D46DE8}") = "src", "src", "{1C53FB52-EB33-435D-A90D-AA1A4F06A9C1}"
EndProject
Project("{2150E333-8FDC-42A3-9474-1A3956D46DE8}") = "test", "test", "{062424DA-3435-41E8-8070-CE3DEC61D108}"
EndProject
Project("{9A19103F-16F7-4668-BE54-9A1E7A4F7556}") = "HK.Net", "src\HK.Net\HK.Net.csproj", "{F580A7A3-2371-4C4B-939B-57143D79672B}"
EndProject
Project("{9A19103F-16F7-4668-BE54-9A1E7A4F7556}") = "HK.Net.Runtime.Linux32", "src\HK.Net.Runtime.Linux32\HK.Net.Runtime.Linux32.csproj", "{C14DC904-0F9B-4318-9020-55F2C39FB9C7}"
EndProject
Project("{9A19103F-16F7-4668-BE54-9A1E7A4F7556}") = "HK.Net.Runtime.Linux64", "src\HK.Net.Runtime.Linux64\HK.Net.Runtime.Linux64.csproj", "{D2E83DF9-D00D-4C56-8C91-CCE3BA346BFE}"
EndProject
Project("{9A19103F-16F7-4668-BE54-9A1E7A4F7556}") = "HK.Net.Runtime.Win32", "src\HK.Net.Runtime.Win32\HK.Net.Runtime.Win32.csproj", "{F677D2E6-8C2A-4E48-B662-74F8954500AD}"
EndProject
Project("{9A19103F-16F7-4668-BE54-9A1E7A4F7556}") = "HK.Net.Runtime.Win64", "src\HK.Net.Runtime.Win64\HK.Net.Runtime.Win64.csproj", "{95700DA8-0376-42C6-AF80-D3A3AC8B5979}"
EndProject
Project("{FAE04EC0-301F-11D3-BF4B-00C04F79EFBC}") = "HK.Net.Test.Win32.Framework", "test\HK.Net.Test.Win32.Framework\HK.Net.Test.Win32.Framework.csproj", "{491CF368-DC2D-4F35-8CB0-6225AB1F273B}"
EndProject
Project("{9A19103F-16F7-4668-BE54-9A1E7A4F7556}") = "HK.Net.Test.Win32.Net8", "test\HK.Net.Test.Win32.Net8\HK.Net.Test.Win32.Net8.csproj", "{0F9AD432-C37A-47A1-AD49-DD3D81E419FE}"
EndProject
Project("{FAE04EC0-301F-11D3-BF4B-00C04F79EFBC}") = "HK.Net.Test.Win64.Framework", "test\HK.Net.Test.Win64.Framework\HK.Net.Test.Win64.Framework.csproj", "{7584CB81-B2FB-405A-84AD-1A27D2D9D4CF}"
EndProject
Project("{9A19103F-16F7-4668-BE54-9A1E7A4F7556}") = "HK.Net.Test.Win64.Net8", "test\HK.Net.Test.Win64.Net8\HK.Net.Test.Win64.Net8.csproj", "{508A96E1-7CA8-408A-BB37-12FF77E24884}"
EndProject
Global
	GlobalSection(SolutionConfigurationPlatforms) = preSolution
		Debug|Any CPU = Debug|Any CPU
		Debug|x64 = Debug|x64
		Debug|x86 = Debug|x86
		Release|Any CPU = Release|Any CPU
		Release|x64 = Release|x64
		Release|x86 = Release|x86
	EndGlobalSection
	GlobalSection(ProjectConfigurationPlatforms) = postSolution
		{F580A7A3-2371-4C4B-939B-57143D79672B}.Debug|Any CPU.ActiveCfg = Debug|Any CPU
		{F580A7A3-2371-4C4B-939B-57143D79672B}.Debug|Any CPU.Build.0 = Debug|Any CPU
		{F580A7A3-2371-4C4B-939B-57143D79672B}.Debug|x64.ActiveCfg = Debug|Any CPU
		{F580A7A3-2371-4C4B-939B-57143D79672B}.Debug|x64.Build.0 = Debug|Any CPU
		{F580A7A3-2371-4C4B-939B-57143D79672B}.Debug|x86.ActiveCfg = Debug|Any CPU
		{F580A7A3-2371-4C4B-939B-57143D79672B}.Debug|x86.Build.0 = Debug|Any CPU
		{F580A7A3-2371-4C4B-939B-57143D79672B}.Release|Any CPU.ActiveCfg = Release|Any CPU
		{F580A7A3-2371-4C4B-939B-57143D79672B}.Release|Any CPU.Build.0 = Release|Any CPU
		{F580A7A3-2371-4C4B-939B-57143D79672B}.Release|x64.ActiveCfg = Release|x64
		{F580A7A3-2371-4C4B-939B-57143D79672B}.Release|x64.Build.0 = Release|x64
		{F580A7A3-2371-4C4B-939B-57143D79672B}.Release|x86.ActiveCfg = Release|Any CPU
		{F580A7A3-2371-4C4B-939B-57143D79672B}.Release|x86.Build.0 = Release|Any CPU
		{C14DC904-0F9B-4318-9020-55F2C39FB9C7}.Debug|Any CPU.ActiveCfg = Debug|x86
		{C14DC904-0F9B-4318-9020-55F2C39FB9C7}.Debug|Any CPU.Build.0 = Debug|x86
		{C14DC904-0F9B-4318-9020-55F2C39FB9C7}.Debug|x64.ActiveCfg = Debug|x86
		{C14DC904-0F9B-4318-9020-55F2C39FB9C7}.Debug|x64.Build.0 = Debug|x86
		{C14DC904-0F9B-4318-9020-55F2C39FB9C7}.Debug|x86.ActiveCfg = Debug|x86
		{C14DC904-0F9B-4318-9020-55F2C39FB9C7}.Debug|x86.Build.0 = Debug|x86
		{C14DC904-0F9B-4318-9020-55F2C39FB9C7}.Release|Any CPU.ActiveCfg = Release|x86
		{C14DC904-0F9B-4318-9020-55F2C39FB9C7}.Release|Any CPU.Build.0 = Release|x86
		{C14DC904-0F9B-4318-9020-55F2C39FB9C7}.Release|x64.ActiveCfg = Release|x86
		{C14DC904-0F9B-4318-9020-55F2C39FB9C7}.Release|x64.Build.0 = Release|x86
		{C14DC904-0F9B-4318-9020-55F2C39FB9C7}.Release|x86.ActiveCfg = Release|x86
		{C14DC904-0F9B-4318-9020-55F2C39FB9C7}.Release|x86.Build.0 = Release|x86
		{D2E83DF9-D00D-4C56-8C91-CCE3BA346BFE}.Debug|Any CPU.ActiveCfg = Debug|x64
		{D2E83DF9-D00D-4C56-8C91-CCE3BA346BFE}.Debug|Any CPU.Build.0 = Debug|x64
		{D2E83DF9-D00D-4C56-8C91-CCE3BA346BFE}.Debug|x64.ActiveCfg = Debug|x64
		{D2E83DF9-D00D-4C56-8C91-CCE3BA346BFE}.Debug|x64.Build.0 = Debug|x64
		{D2E83DF9-D00D-4C56-8C91-CCE3BA346BFE}.Debug|x86.ActiveCfg = Debug|x64
		{D2E83DF9-D00D-4C56-8C91-CCE3BA346BFE}.Debug|x86.Build.0 = Debug|x64
		{D2E83DF9-D00D-4C56-8C91-CCE3BA346BFE}.Release|Any CPU.ActiveCfg = Release|x64
		{D2E83DF9-D00D-4C56-8C91-CCE3BA346BFE}.Release|Any CPU.Build.0 = Release|x64
		{D2E83DF9-D00D-4C56-8C91-CCE3BA346BFE}.Release|x64.ActiveCfg = Release|x64
		{D2E83DF9-D00D-4C56-8C91-CCE3BA346BFE}.Release|x64.Build.0 = Release|x64
		{D2E83DF9-D00D-4C56-8C91-CCE3BA346BFE}.Release|x86.ActiveCfg = Release|x64
		{D2E83DF9-D00D-4C56-8C91-CCE3BA346BFE}.Release|x86.Build.0 = Release|x64
		{F677D2E6-8C2A-4E48-B662-74F8954500AD}.Debug|Any CPU.ActiveCfg = Debug|x86
		{F677D2E6-8C2A-4E48-B662-74F8954500AD}.Debug|Any CPU.Build.0 = Debug|x86
		{F677D2E6-8C2A-4E48-B662-74F8954500AD}.Debug|x64.ActiveCfg = Debug|x86
		{F677D2E6-8C2A-4E48-B662-74F8954500AD}.Debug|x64.Build.0 = Debug|x86
		{F677D2E6-8C2A-4E48-B662-74F8954500AD}.Debug|x86.ActiveCfg = Debug|x86
		{F677D2E6-8C2A-4E48-B662-74F8954500AD}.Debug|x86.Build.0 = Debug|x86
		{F677D2E6-8C2A-4E48-B662-74F8954500AD}.Release|Any CPU.ActiveCfg = Release|x86
		{F677D2E6-8C2A-4E48-B662-74F8954500AD}.Release|Any CPU.Build.0 = Release|x86
		{F677D2E6-8C2A-4E48-B662-74F8954500AD}.Release|x64.ActiveCfg = Release|x86
		{F677D2E6-8C2A-4E48-B662-74F8954500AD}.Release|x64.Build.0 = Release|x86
		{F677D2E6-8C2A-4E48-B662-74F8954500AD}.Release|x86.ActiveCfg = Release|x86
		{F677D2E6-8C2A-4E48-B662-74F8954500AD}.Release|x86.Build.0 = Release|x86
		{95700DA8-0376-42C6-AF80-D3A3AC8B5979}.Debug|Any CPU.ActiveCfg = Debug|x64
		{95700DA8-0376-42C6-AF80-D3A3AC8B5979}.Debug|Any CPU.Build.0 = Debug|x64
		{95700DA8-0376-42C6-AF80-D3A3AC8B5979}.Debug|x64.ActiveCfg = Debug|x64
		{95700DA8-0376-42C6-AF80-D3A3AC8B5979}.Debug|x64.Build.0 = Debug|x64
		{95700DA8-0376-42C6-AF80-D3A3AC8B5979}.Debug|x86.ActiveCfg = Debug|x64
		{95700DA8-0376-42C6-AF80-D3A3AC8B5979}.Debug|x86.Build.0 = Debug|x64
		{95700DA8-0376-42C6-AF80-D3A3AC8B5979}.Release|Any CPU.ActiveCfg = Release|x64
		{95700DA8-0376-42C6-AF80-D3A3AC8B5979}.Release|Any CPU.Build.0 = Release|x64
		{95700DA8-0376-42C6-AF80-D3A3AC8B5979}.Release|x64.ActiveCfg = Release|x64
		{95700DA8-0376-42C6-AF80-D3A3AC8B5979}.Release|x64.Build.0 = Release|x64
		{95700DA8-0376-42C6-AF80-D3A3AC8B5979}.Release|x86.ActiveCfg = Release|x64
		{95700DA8-0376-42C6-AF80-D3A3AC8B5979}.Release|x86.Build.0 = Release|x64
		{491CF368-DC2D-4F35-8CB0-6225AB1F273B}.Debug|Any CPU.ActiveCfg = Debug|Any CPU
		{491CF368-DC2D-4F35-8CB0-6225AB1F273B}.Debug|Any CPU.Build.0 = Debug|Any CPU
		{491CF368-DC2D-4F35-8CB0-6225AB1F273B}.Debug|x64.ActiveCfg = Debug|Any CPU
		{491CF368-DC2D-4F35-8CB0-6225AB1F273B}.Debug|x64.Build.0 = Debug|Any CPU
		{491CF368-DC2D-4F35-8CB0-6225AB1F273B}.Debug|x86.ActiveCfg = Debug|x86
		{491CF368-DC2D-4F35-8CB0-6225AB1F273B}.Debug|x86.Build.0 = Debug|x86
		{491CF368-DC2D-4F35-8CB0-6225AB1F273B}.Release|Any CPU.ActiveCfg = Release|Any CPU
		{491CF368-DC2D-4F35-8CB0-6225AB1F273B}.Release|Any CPU.Build.0 = Release|Any CPU
		{491CF368-DC2D-4F35-8CB0-6225AB1F273B}.Release|x64.ActiveCfg = Release|Any CPU
		{491CF368-DC2D-4F35-8CB0-6225AB1F273B}.Release|x64.Build.0 = Release|Any CPU
		{491CF368-DC2D-4F35-8CB0-6225AB1F273B}.Release|x86.ActiveCfg = Release|x86
		{491CF368-DC2D-4F35-8CB0-6225AB1F273B}.Release|x86.Build.0 = Release|x86
		{0F9AD432-C37A-47A1-AD49-DD3D81E419FE}.Debug|Any CPU.ActiveCfg = Debug|Any CPU
		{0F9AD432-C37A-47A1-AD49-DD3D81E419FE}.Debug|Any CPU.Build.0 = Debug|Any CPU
		{0F9AD432-C37A-47A1-AD49-DD3D81E419FE}.Debug|x64.ActiveCfg = Debug|Any CPU
		{0F9AD432-C37A-47A1-AD49-DD3D81E419FE}.Debug|x64.Build.0 = Debug|Any CPU
		{0F9AD432-C37A-47A1-AD49-DD3D81E419FE}.Debug|x86.ActiveCfg = Debug|x86
		{0F9AD432-C37A-47A1-AD49-DD3D81E419FE}.Debug|x86.Build.0 = Debug|x86
		{0F9AD432-C37A-47A1-AD49-DD3D81E419FE}.Release|Any CPU.ActiveCfg = Release|Any CPU
		{0F9AD432-C37A-47A1-AD49-DD3D81E419FE}.Release|Any CPU.Build.0 = Release|Any CPU
		{0F9AD432-C37A-47A1-AD49-DD3D81E419FE}.Release|x64.ActiveCfg = Release|Any CPU
		{0F9AD432-C37A-47A1-AD49-DD3D81E419FE}.Release|x64.Build.0 = Release|Any CPU
		{0F9AD432-C37A-47A1-AD49-DD3D81E419FE}.Release|x86.ActiveCfg = Release|x86
		{0F9AD432-C37A-47A1-AD49-DD3D81E419FE}.Release|x86.Build.0 = Release|x86
		{7584CB81-B2FB-405A-84AD-1A27D2D9D4CF}.Debug|Any CPU.ActiveCfg = Debug|Any CPU
		{7584CB81-B2FB-405A-84AD-1A27D2D9D4CF}.Debug|Any CPU.Build.0 = Debug|Any CPU
		{7584CB81-B2FB-405A-84AD-1A27D2D9D4CF}.Debug|x64.ActiveCfg = Debug|x64
		{7584CB81-B2FB-405A-84AD-1A27D2D9D4CF}.Debug|x64.Build.0 = Debug|x64
		{7584CB81-B2FB-405A-84AD-1A27D2D9D4CF}.Debug|x86.ActiveCfg = Debug|x86
		{7584CB81-B2FB-405A-84AD-1A27D2D9D4CF}.Debug|x86.Build.0 = Debug|x86
		{7584CB81-B2FB-405A-84AD-1A27D2D9D4CF}.Release|Any CPU.ActiveCfg = Release|Any CPU
		{7584CB81-B2FB-405A-84AD-1A27D2D9D4CF}.Release|Any CPU.Build.0 = Release|Any CPU
		{7584CB81-B2FB-405A-84AD-1A27D2D9D4CF}.Release|x64.ActiveCfg = Release|x64
		{7584CB81-B2FB-405A-84AD-1A27D2D9D4CF}.Release|x64.Build.0 = Release|x64
		{7584CB81-B2FB-405A-84AD-1A27D2D9D4CF}.Release|x86.ActiveCfg = Release|x86
		{7584CB81-B2FB-405A-84AD-1A27D2D9D4CF}.Release|x86.Build.0 = Release|x86
		{508A96E1-7CA8-408A-BB37-12FF77E24884}.Debug|Any CPU.ActiveCfg = Debug|Any CPU
		{508A96E1-7CA8-408A-BB37-12FF77E24884}.Debug|Any CPU.Build.0 = Debug|Any CPU
		{508A96E1-7CA8-408A-BB37-12FF77E24884}.Debug|x64.ActiveCfg = Debug|x64
		{508A96E1-7CA8-408A-BB37-12FF77E24884}.Debug|x64.Build.0 = Debug|x64
		{508A96E1-7CA8-408A-BB37-12FF77E24884}.Debug|x86.ActiveCfg = Debug|Any CPU
		{508A96E1-7CA8-408A-BB37-12FF77E24884}.Debug|x86.Build.0 = Debug|Any CPU
		{508A96E1-7CA8-408A-BB37-12FF77E24884}.Release|Any CPU.ActiveCfg = Release|Any CPU
		{508A96E1-7CA8-408A-BB37-12FF77E24884}.Release|Any CPU.Build.0 = Release|Any CPU
		{508A96E1-7CA8-408A-BB37-12FF77E24884}.Release|x64.ActiveCfg = Release|x64
		{508A96E1-7CA8-408A-BB37-12FF77E24884}.Release|x64.Build.0 = Release|x64
		{508A96E1-7CA8-408A-BB37-12FF77E24884}.Release|x86.ActiveCfg = Release|Any CPU
		{508A96E1-7CA8-408A-BB37-12FF77E24884}.Release|x86.Build.0 = Release|Any CPU
	EndGlobalSection
	GlobalSection(SolutionProperties) = preSolution
		HideSolutionNode = FALSE
	EndGlobalSection
	GlobalSection(NestedProjects) = preSolution
		{F580A7A3-2371-4C4B-939B-57143D79672B} = {1C53FB52-EB33-435D-A90D-AA1A4F06A9C1}
		{C14DC904-0F9B-4318-9020-55F2C39FB9C7} = {1C53FB52-EB33-435D-A90D-AA1A4F06A9C1}
		{D2E83DF9-D00D-4C56-8C91-CCE3BA346BFE} = {1C53FB52-EB33-435D-A90D-AA1A4F06A9C1}
		{F677D2E6-8C2A-4E48-B662-74F8954500AD} = {1C53FB52-EB33-435D-A90D-AA1A4F06A9C1}
		{95700DA8-0376-42C6-AF80-D3A3AC8B5979} = {1C53FB52-EB33-435D-A90D-AA1A4F06A9C1}
		{491CF368-DC2D-4F35-8CB0-6225AB1F273B} = {062424DA-3435-41E8-8070-CE3DEC61D108}
		{0F9AD432-C37A-47A1-AD49-DD3D81E419FE} = {062424DA-3435-41E8-8070-CE3DEC61D108}
		{7584CB81-B2FB-405A-84AD-1A27D2D9D4CF} = {062424DA-3435-41E8-8070-CE3DEC61D108}
		{508A96E1-7CA8-408A-BB37-12FF77E24884} = {062424DA-3435-41E8-8070-CE3DEC61D108}
	EndGlobalSection
	GlobalSection(ExtensibilityGlobals) = postSolution
		SolutionGuid = {648BB991-24EC-47A3-AEC0-D0995D0B6DA6}
	EndGlobalSection
EndGlobal
