
Microsoft Visual Studio Solution File, Format Version 12.00
# Visual Studio Version 17
VisualStudioVersion = 17.0.31903.59
MinimumVisualStudioVersion = 10.0.40219.1
Project("{2150E333-8FDC-42A3-9474-1A3956D46DE8}") = "src", "src", "{1C53FB52-EB33-435D-A90D-AA1A4F06A9C1}"
EndProject
Project("{2150E333-8FDC-42A3-9474-1A3956D46DE8}") = "test", "test", "{062424DA-3435-41E8-8070-CE3DEC61D108}"
EndProject
Project("{FAE04EC0-301F-11D3-BF4B-00C04F79EFBC}") = "HK.Net", "src\HK.Net\HK.Net.csproj", "{F580A7A3-2371-4C4B-939B-57143D79672B}"
EndProject
Project("{9A19103F-16F7-4668-BE54-9A1E7A4F7556}") = "HK.Net.Win64", "src\HK.Net.Win64\HK.Net.Win64.csproj", "{A8898985-2AAA-4571-AF75-9DCF512EE293}"
EndProject
Project("{FAE04EC0-301F-11D3-BF4B-00C04F79EFBC}") = "HK.Net.Win32", "src\HK.Net.Win32\HK.Net.Win32.csproj", "{0F3F1812-D99D-4824-A26D-E76725CB6499}"
EndProject
Project("{9A19103F-16F7-4668-BE54-9A1E7A4F7556}") = "HK.Net.Linux64", "src\HK.Net.Linux64\HK.Net.Linux64.csproj", "{68B4B6EB-3935-4399-9926-2A082671F5AE}"
EndProject
Project("{FAE04EC0-301F-11D3-BF4B-00C04F79EFBC}") = "HK.Net.Linux32", "src\HK.Net.Linux32\HK.Net.Linux32.csproj", "{592714D6-257B-44ED-9955-5013A3BB27C7}"
EndProject
Project("{FAE04EC0-301F-11D3-BF4B-00C04F79EFBC}") = "HK.Net.Win32.Net8.Test", "test\HK.Net.Win32.Net8.Test\HK.Net.Win32.Net8.Test.csproj", "{66FC7988-27EC-466F-9D58-710BCCB0B48E}"
EndProject
Project("{FAE04EC0-301F-11D3-BF4B-00C04F79EFBC}") = "HK.Net.Win64.Framework.Test", "test\HK.Net.Win64.Framework.Test\HK.Net.Win64.Framework.Test.csproj", "{7584CB81-B2FB-405A-84AD-1A27D2D9D4CF}"
EndProject
Project("{FAE04EC0-301F-11D3-BF4B-00C04F79EFBC}") = "HK.Net.Win32.Framework.Test", "test\HK.Net.Win32.Framework.Test\HK.Net.Win32.Framework.Test.csproj", "{491CF368-DC2D-4F35-8CB0-6225AB1F273B}"
EndProject
Project("{9A19103F-16F7-4668-BE54-9A1E7A4F7556}") = "HK.Net.Win64.Net8.Test", "test\HK.Net.Win64.Net8.Test\HK.Net.Win64.Net8.Test.csproj", "{081A47A8-FB57-466E-9877-923B92029874}"
EndProject
Global
	GlobalSection(SolutionConfigurationPlatforms) = preSolution
		Debug|Any CPU = Debug|Any CPU
		Debug|x64 = Debug|x64
		Debug|x86 = Debug|x86
		Release|Any CPU = Release|Any CPU
		Release|x64 = Release|x64
		Release|x86 = Release|x86
	EndGlobalSection
	GlobalSection(ProjectConfigurationPlatforms) = postSolution
		{F580A7A3-2371-4C4B-939B-57143D79672B}.Debug|Any CPU.ActiveCfg = Debug|Any CPU
		{F580A7A3-2371-4C4B-939B-57143D79672B}.Debug|Any CPU.Build.0 = Debug|Any CPU
		{F580A7A3-2371-4C4B-939B-57143D79672B}.Debug|x64.ActiveCfg = Debug|Any CPU
		{F580A7A3-2371-4C4B-939B-57143D79672B}.Debug|x64.Build.0 = Debug|Any CPU
		{F580A7A3-2371-4C4B-939B-57143D79672B}.Debug|x86.ActiveCfg = Debug|Any CPU
		{F580A7A3-2371-4C4B-939B-57143D79672B}.Debug|x86.Build.0 = Debug|Any CPU
		{F580A7A3-2371-4C4B-939B-57143D79672B}.Release|Any CPU.ActiveCfg = Release|Any CPU
		{F580A7A3-2371-4C4B-939B-57143D79672B}.Release|Any CPU.Build.0 = Release|Any CPU
		{F580A7A3-2371-4C4B-939B-57143D79672B}.Release|x64.ActiveCfg = Release|x64
		{F580A7A3-2371-4C4B-939B-57143D79672B}.Release|x64.Build.0 = Release|x64
		{F580A7A3-2371-4C4B-939B-57143D79672B}.Release|x86.ActiveCfg = Release|Any CPU
		{F580A7A3-2371-4C4B-939B-57143D79672B}.Release|x86.Build.0 = Release|Any CPU
		{A8898985-2AAA-4571-AF75-9DCF512EE293}.Debug|Any CPU.ActiveCfg = Debug|Any CPU
		{A8898985-2AAA-4571-AF75-9DCF512EE293}.Debug|Any CPU.Build.0 = Debug|Any CPU
		{A8898985-2AAA-4571-AF75-9DCF512EE293}.Debug|x64.ActiveCfg = Debug|Any CPU
		{A8898985-2AAA-4571-AF75-9DCF512EE293}.Debug|x64.Build.0 = Debug|Any CPU
		{A8898985-2AAA-4571-AF75-9DCF512EE293}.Debug|x86.ActiveCfg = Debug|Any CPU
		{A8898985-2AAA-4571-AF75-9DCF512EE293}.Debug|x86.Build.0 = Debug|Any CPU
		{A8898985-2AAA-4571-AF75-9DCF512EE293}.Release|Any CPU.ActiveCfg = Release|Any CPU
		{A8898985-2AAA-4571-AF75-9DCF512EE293}.Release|Any CPU.Build.0 = Release|Any CPU
		{A8898985-2AAA-4571-AF75-9DCF512EE293}.Release|x64.ActiveCfg = Release|x64
		{A8898985-2AAA-4571-AF75-9DCF512EE293}.Release|x64.Build.0 = Release|x64
		{A8898985-2AAA-4571-AF75-9DCF512EE293}.Release|x86.ActiveCfg = Release|Any CPU
		{A8898985-2AAA-4571-AF75-9DCF512EE293}.Release|x86.Build.0 = Release|Any CPU
		{0F3F1812-D99D-4824-A26D-E76725CB6499}.Debug|Any CPU.ActiveCfg = Debug|Any CPU
		{0F3F1812-D99D-4824-A26D-E76725CB6499}.Debug|Any CPU.Build.0 = Debug|Any CPU
		{0F3F1812-D99D-4824-A26D-E76725CB6499}.Debug|x64.ActiveCfg = Debug|Any CPU
		{0F3F1812-D99D-4824-A26D-E76725CB6499}.Debug|x64.Build.0 = Debug|Any CPU
		{0F3F1812-D99D-4824-A26D-E76725CB6499}.Debug|x86.ActiveCfg = Debug|Any CPU
		{0F3F1812-D99D-4824-A26D-E76725CB6499}.Debug|x86.Build.0 = Debug|Any CPU
		{0F3F1812-D99D-4824-A26D-E76725CB6499}.Release|Any CPU.ActiveCfg = Release|Any CPU
		{0F3F1812-D99D-4824-A26D-E76725CB6499}.Release|Any CPU.Build.0 = Release|Any CPU
		{0F3F1812-D99D-4824-A26D-E76725CB6499}.Release|x64.ActiveCfg = Release|x64
		{0F3F1812-D99D-4824-A26D-E76725CB6499}.Release|x64.Build.0 = Release|x64
		{0F3F1812-D99D-4824-A26D-E76725CB6499}.Release|x86.ActiveCfg = Release|Any CPU
		{0F3F1812-D99D-4824-A26D-E76725CB6499}.Release|x86.Build.0 = Release|Any CPU
		{68B4B6EB-3935-4399-9926-2A082671F5AE}.Debug|Any CPU.ActiveCfg = Debug|Any CPU
		{68B4B6EB-3935-4399-9926-2A082671F5AE}.Debug|Any CPU.Build.0 = Debug|Any CPU
		{68B4B6EB-3935-4399-9926-2A082671F5AE}.Debug|x64.ActiveCfg = Debug|Any CPU
		{68B4B6EB-3935-4399-9926-2A082671F5AE}.Debug|x64.Build.0 = Debug|Any CPU
		{68B4B6EB-3935-4399-9926-2A082671F5AE}.Debug|x86.ActiveCfg = Debug|Any CPU
		{68B4B6EB-3935-4399-9926-2A082671F5AE}.Debug|x86.Build.0 = Debug|Any CPU
		{68B4B6EB-3935-4399-9926-2A082671F5AE}.Release|Any CPU.ActiveCfg = Release|Any CPU
		{68B4B6EB-3935-4399-9926-2A082671F5AE}.Release|Any CPU.Build.0 = Release|Any CPU
		{68B4B6EB-3935-4399-9926-2A082671F5AE}.Release|x64.ActiveCfg = Release|x64
		{68B4B6EB-3935-4399-9926-2A082671F5AE}.Release|x64.Build.0 = Release|x64
		{68B4B6EB-3935-4399-9926-2A082671F5AE}.Release|x86.ActiveCfg = Release|Any CPU
		{68B4B6EB-3935-4399-9926-2A082671F5AE}.Release|x86.Build.0 = Release|Any CPU
		{592714D6-257B-44ED-9955-5013A3BB27C7}.Debug|Any CPU.ActiveCfg = Debug|Any CPU
		{592714D6-257B-44ED-9955-5013A3BB27C7}.Debug|Any CPU.Build.0 = Debug|Any CPU
		{592714D6-257B-44ED-9955-5013A3BB27C7}.Debug|x64.ActiveCfg = Debug|Any CPU
		{592714D6-257B-44ED-9955-5013A3BB27C7}.Debug|x64.Build.0 = Debug|Any CPU
		{592714D6-257B-44ED-9955-5013A3BB27C7}.Debug|x86.ActiveCfg = Debug|Any CPU
		{592714D6-257B-44ED-9955-5013A3BB27C7}.Debug|x86.Build.0 = Debug|Any CPU
		{592714D6-257B-44ED-9955-5013A3BB27C7}.Release|Any CPU.ActiveCfg = Release|Any CPU
		{592714D6-257B-44ED-9955-5013A3BB27C7}.Release|Any CPU.Build.0 = Release|Any CPU
		{592714D6-257B-44ED-9955-5013A3BB27C7}.Release|x64.ActiveCfg = Release|x64
		{592714D6-257B-44ED-9955-5013A3BB27C7}.Release|x64.Build.0 = Release|x64
		{592714D6-257B-44ED-9955-5013A3BB27C7}.Release|x86.ActiveCfg = Release|Any CPU
		{592714D6-257B-44ED-9955-5013A3BB27C7}.Release|x86.Build.0 = Release|Any CPU
		{66FC7988-27EC-466F-9D58-710BCCB0B48E}.Debug|Any CPU.ActiveCfg = Debug|Any CPU
		{66FC7988-27EC-466F-9D58-710BCCB0B48E}.Debug|Any CPU.Build.0 = Debug|Any CPU
		{66FC7988-27EC-466F-9D58-710BCCB0B48E}.Debug|x64.ActiveCfg = Debug|Any CPU
		{66FC7988-27EC-466F-9D58-710BCCB0B48E}.Debug|x64.Build.0 = Debug|Any CPU
		{66FC7988-27EC-466F-9D58-710BCCB0B48E}.Debug|x86.ActiveCfg = Debug|x86
		{66FC7988-27EC-466F-9D58-710BCCB0B48E}.Debug|x86.Build.0 = Debug|x86
		{66FC7988-27EC-466F-9D58-710BCCB0B48E}.Release|Any CPU.ActiveCfg = Release|Any CPU
		{66FC7988-27EC-466F-9D58-710BCCB0B48E}.Release|Any CPU.Build.0 = Release|Any CPU
		{66FC7988-27EC-466F-9D58-710BCCB0B48E}.Release|x64.ActiveCfg = Release|Any CPU
		{66FC7988-27EC-466F-9D58-710BCCB0B48E}.Release|x64.Build.0 = Release|Any CPU
		{66FC7988-27EC-466F-9D58-710BCCB0B48E}.Release|x86.ActiveCfg = Release|Any CPU
		{66FC7988-27EC-466F-9D58-710BCCB0B48E}.Release|x86.Build.0 = Release|Any CPU
		{7584CB81-B2FB-405A-84AD-1A27D2D9D4CF}.Debug|Any CPU.ActiveCfg = Debug|Any CPU
		{7584CB81-B2FB-405A-84AD-1A27D2D9D4CF}.Debug|Any CPU.Build.0 = Debug|Any CPU
		{7584CB81-B2FB-405A-84AD-1A27D2D9D4CF}.Debug|x64.ActiveCfg = Debug|Any CPU
		{7584CB81-B2FB-405A-84AD-1A27D2D9D4CF}.Debug|x64.Build.0 = Debug|Any CPU
		{7584CB81-B2FB-405A-84AD-1A27D2D9D4CF}.Debug|x86.ActiveCfg = Debug|x64
		{7584CB81-B2FB-405A-84AD-1A27D2D9D4CF}.Debug|x86.Build.0 = Debug|x64
		{7584CB81-B2FB-405A-84AD-1A27D2D9D4CF}.Release|Any CPU.ActiveCfg = Release|Any CPU
		{7584CB81-B2FB-405A-84AD-1A27D2D9D4CF}.Release|Any CPU.Build.0 = Release|Any CPU
		{7584CB81-B2FB-405A-84AD-1A27D2D9D4CF}.Release|x64.ActiveCfg = Release|Any CPU
		{7584CB81-B2FB-405A-84AD-1A27D2D9D4CF}.Release|x64.Build.0 = Release|Any CPU
		{7584CB81-B2FB-405A-84AD-1A27D2D9D4CF}.Release|x86.ActiveCfg = Release|Any CPU
		{7584CB81-B2FB-405A-84AD-1A27D2D9D4CF}.Release|x86.Build.0 = Release|Any CPU
		{491CF368-DC2D-4F35-8CB0-6225AB1F273B}.Debug|Any CPU.ActiveCfg = Debug|Any CPU
		{491CF368-DC2D-4F35-8CB0-6225AB1F273B}.Debug|Any CPU.Build.0 = Debug|Any CPU
		{491CF368-DC2D-4F35-8CB0-6225AB1F273B}.Debug|x64.ActiveCfg = Debug|Any CPU
		{491CF368-DC2D-4F35-8CB0-6225AB1F273B}.Debug|x64.Build.0 = Debug|Any CPU
		{491CF368-DC2D-4F35-8CB0-6225AB1F273B}.Debug|x86.ActiveCfg = Debug|x86
		{491CF368-DC2D-4F35-8CB0-6225AB1F273B}.Debug|x86.Build.0 = Debug|x86
		{491CF368-DC2D-4F35-8CB0-6225AB1F273B}.Release|Any CPU.ActiveCfg = Release|Any CPU
		{491CF368-DC2D-4F35-8CB0-6225AB1F273B}.Release|Any CPU.Build.0 = Release|Any CPU
		{491CF368-DC2D-4F35-8CB0-6225AB1F273B}.Release|x64.ActiveCfg = Release|Any CPU
		{491CF368-DC2D-4F35-8CB0-6225AB1F273B}.Release|x64.Build.0 = Release|Any CPU
		{491CF368-DC2D-4F35-8CB0-6225AB1F273B}.Release|x86.ActiveCfg = Release|Any CPU
		{491CF368-DC2D-4F35-8CB0-6225AB1F273B}.Release|x86.Build.0 = Release|Any CPU
		{081A47A8-FB57-466E-9877-923B92029874}.Debug|Any CPU.ActiveCfg = Debug|Any CPU
		{081A47A8-FB57-466E-9877-923B92029874}.Debug|Any CPU.Build.0 = Debug|Any CPU
		{081A47A8-FB57-466E-9877-923B92029874}.Debug|x64.ActiveCfg = Debug|Any CPU
		{081A47A8-FB57-466E-9877-923B92029874}.Debug|x64.Build.0 = Debug|Any CPU
		{081A47A8-FB57-466E-9877-923B92029874}.Debug|x86.ActiveCfg = Debug|x64
		{081A47A8-FB57-466E-9877-923B92029874}.Debug|x86.Build.0 = Debug|x64
		{081A47A8-FB57-466E-9877-923B92029874}.Release|Any CPU.ActiveCfg = Release|Any CPU
		{081A47A8-FB57-466E-9877-923B92029874}.Release|Any CPU.Build.0 = Release|Any CPU
		{081A47A8-FB57-466E-9877-923B92029874}.Release|x64.ActiveCfg = Release|Any CPU
		{081A47A8-FB57-466E-9877-923B92029874}.Release|x64.Build.0 = Release|Any CPU
		{081A47A8-FB57-466E-9877-923B92029874}.Release|x86.ActiveCfg = Release|Any CPU
		{081A47A8-FB57-466E-9877-923B92029874}.Release|x86.Build.0 = Release|Any CPU
	EndGlobalSection
	GlobalSection(SolutionProperties) = preSolution
		HideSolutionNode = FALSE
	EndGlobalSection
	GlobalSection(NestedProjects) = preSolution
		{F580A7A3-2371-4C4B-939B-57143D79672B} = {1C53FB52-EB33-435D-A90D-AA1A4F06A9C1}
		{A8898985-2AAA-4571-AF75-9DCF512EE293} = {1C53FB52-EB33-435D-A90D-AA1A4F06A9C1}
		{0F3F1812-D99D-4824-A26D-E76725CB6499} = {1C53FB52-EB33-435D-A90D-AA1A4F06A9C1}
		{68B4B6EB-3935-4399-9926-2A082671F5AE} = {1C53FB52-EB33-435D-A90D-AA1A4F06A9C1}
		{592714D6-257B-44ED-9955-5013A3BB27C7} = {1C53FB52-EB33-435D-A90D-AA1A4F06A9C1}
		{66FC7988-27EC-466F-9D58-710BCCB0B48E} = {062424DA-3435-41E8-8070-CE3DEC61D108}
		{7584CB81-B2FB-405A-84AD-1A27D2D9D4CF} = {062424DA-3435-41E8-8070-CE3DEC61D108}
		{491CF368-DC2D-4F35-8CB0-6225AB1F273B} = {062424DA-3435-41E8-8070-CE3DEC61D108}
		{081A47A8-FB57-466E-9877-923B92029874} = {062424DA-3435-41E8-8070-CE3DEC61D108}
	EndGlobalSection
	GlobalSection(ExtensibilityGlobals) = postSolution
		SolutionGuid = {648BB991-24EC-47A3-AEC0-D0995D0B6DA6}
	EndGlobalSection
EndGlobal
